
Microsoft Visual Studio Solution File, Format Version 12.00
# Visual Studio Version 17
VisualStudioVersion = 17.1.32319.34
MinimumVisualStudioVersion = 10.0.40219.1
Project("{FAE04EC0-301F-11D3-BF4B-00C04F79EFBC}") = "EFCore_MySql_Example.WebApi", "EFCore_MySql_Example.WebApi\EFCore_MySql_Example.WebApi.csproj", "{5CA4896D-0295-4A0C-9AD1-B87F632A7962}"
EndProject
Project("{FAE04EC0-301F-11D3-BF4B-00C04F79EFBC}") = "EFCore_MySql_Example.Storage", "EFCore_MySql_Example.Storage\EFCore_MySql_Example.Storage.csproj", "{C3D47D98-1B1C-4B82-9F58-FF771529679C}"
EndProject
Project("{FAE04EC0-301F-11D3-BF4B-00C04F79EFBC}") = "EFCore_MySql_Example.Storage.Mysql", "EFCore_MySql_Example.Storage.Mysql\EFCore_MySql_Example.Storage.Mysql.csproj", "{A0AFC3DD-9E79-4E58-809A-89949E2F9A1E}"
EndProject
Global
	GlobalSection(SolutionConfigurationPlatforms) = preSolution
		Debug|Any CPU = Debug|Any CPU
		Release|Any CPU = Release|Any CPU
	EndGlobalSection
	GlobalSection(ProjectConfigurationPlatforms) = postSolution
		{5CA4896D-0295-4A0C-9AD1-B87F632A7962}.Debug|Any CPU.ActiveCfg = Debug|Any CPU
		{5CA4896D-0295-4A0C-9AD1-B87F632A7962}.Debug|Any CPU.Build.0 = Debug|Any CPU
		{5CA4896D-0295-4A0C-9AD1-B87F632A7962}.Release|Any CPU.ActiveCfg = Release|Any CPU
		{5CA4896D-0295-4A0C-9AD1-B87F632A7962}.Release|Any CPU.Build.0 = Release|Any CPU
		{C3D47D98-1B1C-4B82-9F58-FF771529679C}.Debug|Any CPU.ActiveCfg = Debug|Any CPU
		{C3D47D98-1B1C-4B82-9F58-FF771529679C}.Debug|Any CPU.Build.0 = Debug|Any CPU
		{C3D47D98-1B1C-4B82-9F58-FF771529679C}.Release|Any CPU.ActiveCfg = Release|Any CPU
		{C3D47D98-1B1C-4B82-9F58-FF771529679C}.Release|Any CPU.Build.0 = Release|Any CPU
		{A0AFC3DD-9E79-4E58-809A-89949E2F9A1E}.Debug|Any CPU.ActiveCfg = Debug|Any CPU
		{A0AFC3DD-9E79-4E58-809A-89949E2F9A1E}.Debug|Any CPU.Build.0 = Debug|Any CPU
		{A0AFC3DD-9E79-4E58-809A-89949E2F9A1E}.Release|Any CPU.ActiveCfg = Release|Any CPU
		{A0AFC3DD-9E79-4E58-809A-89949E2F9A1E}.Release|Any CPU.Build.0 = Release|Any CPU
	EndGlobalSection
	GlobalSection(SolutionProperties) = preSolution
		HideSolutionNode = FALSE
	EndGlobalSection
	GlobalSection(ExtensibilityGlobals) = postSolution
		SolutionGuid = {98970A6A-2BE7-4D21-96AA-B20DF6E1444B}
	EndGlobalSection
EndGlobal
